
Microsoft Visual Studio Solution File, Format Version 12.00
# Visual Studio 15
VisualStudioVersion = 15.0.28307.572
MinimumVisualStudioVersion = 10.0.40219.1
Project("{FAE04EC0-301F-11D3-BF4B-00C04F79EFBC}") = "Accenture.Consumo", "Accenture.Consumo\Accenture.Consumo.csproj", "{6E49A258-91E8-4AB2-AA42-BC42FF3E6D3F}"
EndProject
Project("{FAE04EC0-301F-11D3-BF4B-00C04F79EFBC}") = "Facade", "Facade\Facade.csproj", "{FA426115-34CE-4425-8A2B-1D1CEB508326}"
EndProject
Project("{FAE04EC0-301F-11D3-BF4B-00C04F79EFBC}") = "Service", "Service\Service.csproj", "{E6E27EE6-B8FF-4933-988F-B155A8FEE373}"
EndProject
Project("{FAE04EC0-301F-11D3-BF4B-00C04F79EFBC}") = "Entities", "Entities\Entities.csproj", "{994EED4B-882B-47C7-8706-E6B48FE3E624}"
EndProject
Global
	GlobalSection(SolutionConfigurationPlatforms) = preSolution
		Debug|Any CPU = Debug|Any CPU
		Release|Any CPU = Release|Any CPU
	EndGlobalSection
	GlobalSection(ProjectConfigurationPlatforms) = postSolution
		{6E49A258-91E8-4AB2-AA42-BC42FF3E6D3F}.Debug|Any CPU.ActiveCfg = Debug|Any CPU
		{6E49A258-91E8-4AB2-AA42-BC42FF3E6D3F}.Debug|Any CPU.Build.0 = Debug|Any CPU
		{6E49A258-91E8-4AB2-AA42-BC42FF3E6D3F}.Release|Any CPU.ActiveCfg = Release|Any CPU
		{6E49A258-91E8-4AB2-AA42-BC42FF3E6D3F}.Release|Any CPU.Build.0 = Release|Any CPU
		{FA426115-34CE-4425-8A2B-1D1CEB508326}.Debug|Any CPU.ActiveCfg = Debug|Any CPU
		{FA426115-34CE-4425-8A2B-1D1CEB508326}.Debug|Any CPU.Build.0 = Debug|Any CPU
		{FA426115-34CE-4425-8A2B-1D1CEB508326}.Release|Any CPU.ActiveCfg = Release|Any CPU
		{FA426115-34CE-4425-8A2B-1D1CEB508326}.Release|Any CPU.Build.0 = Release|Any CPU
		{E6E27EE6-B8FF-4933-988F-B155A8FEE373}.Debug|Any CPU.ActiveCfg = Debug|Any CPU
		{E6E27EE6-B8FF-4933-988F-B155A8FEE373}.Debug|Any CPU.Build.0 = Debug|Any CPU
		{E6E27EE6-B8FF-4933-988F-B155A8FEE373}.Release|Any CPU.ActiveCfg = Release|Any CPU
		{E6E27EE6-B8FF-4933-988F-B155A8FEE373}.Release|Any CPU.Build.0 = Release|Any CPU
		{994EED4B-882B-47C7-8706-E6B48FE3E624}.Debug|Any CPU.ActiveCfg = Debug|Any CPU
		{994EED4B-882B-47C7-8706-E6B48FE3E624}.Debug|Any CPU.Build.0 = Debug|Any CPU
		{994EED4B-882B-47C7-8706-E6B48FE3E624}.Release|Any CPU.ActiveCfg = Release|Any CPU
		{994EED4B-882B-47C7-8706-E6B48FE3E624}.Release|Any CPU.Build.0 = Release|Any CPU
	EndGlobalSection
	GlobalSection(SolutionProperties) = preSolution
		HideSolutionNode = FALSE
	EndGlobalSection
	GlobalSection(ExtensibilityGlobals) = postSolution
		SolutionGuid = {3A7DFABA-23EA-4EB6-87E9-8BA9DDC162D2}
	EndGlobalSection
EndGlobal
